
Microsoft Visual Studio Solution File, Format Version 12.00
# Visual Studio 15
VisualStudioVersion = 15.0.27703.2035
MinimumVisualStudioVersion = 10.0.40219.1
Project("{FAE04EC0-301F-11D3-BF4B-00C04F79EFBC}") = "OAFramework.WebSocket", "OAFramework.WebSocket\OAFramework.WebSocket.csproj", "{557B4FEA-F356-4C99-AF06-556220C67AB5}"
EndProject
Project("{FAE04EC0-301F-11D3-BF4B-00C04F79EFBC}") = "OAFramework.WebSocket.TestUnit", "OAFramework.WebSocket.TestUnit\OAFramework.WebSocket.TestUnit.csproj", "{39191203-7720-455A-B98B-10BE8949C521}"
EndProject
Global
	GlobalSection(SolutionConfigurationPlatforms) = preSolution
		Debug|Any CPU = Debug|Any CPU
		Release|Any CPU = Release|Any CPU
	EndGlobalSection
	GlobalSection(ProjectConfigurationPlatforms) = postSolution
		{557B4FEA-F356-4C99-AF06-556220C67AB5}.Debug|Any CPU.ActiveCfg = Debug|Any CPU
		{557B4FEA-F356-4C99-AF06-556220C67AB5}.Debug|Any CPU.Build.0 = Debug|Any CPU
		{557B4FEA-F356-4C99-AF06-556220C67AB5}.Release|Any CPU.ActiveCfg = Release|Any CPU
		{557B4FEA-F356-4C99-AF06-556220C67AB5}.Release|Any CPU.Build.0 = Release|Any CPU
		{39191203-7720-455A-B98B-10BE8949C521}.Debug|Any CPU.ActiveCfg = Debug|Any CPU
		{39191203-7720-455A-B98B-10BE8949C521}.Debug|Any CPU.Build.0 = Debug|Any CPU
		{39191203-7720-455A-B98B-10BE8949C521}.Release|Any CPU.ActiveCfg = Release|Any CPU
		{39191203-7720-455A-B98B-10BE8949C521}.Release|Any CPU.Build.0 = Release|Any CPU
	EndGlobalSection
	GlobalSection(SolutionProperties) = preSolution
		HideSolutionNode = FALSE
	EndGlobalSection
	GlobalSection(ExtensibilityGlobals) = postSolution
		SolutionGuid = {2B3AF9B2-A967-4501-9635-D5A658487999}
	EndGlobalSection
EndGlobal
